
Microsoft Visual Studio Solution File, Format Version 12.00
# Visual Studio Version 17
VisualStudioVersion = 17.9.34622.214
MinimumVisualStudioVersion = 10.0.40219.1
Project("{FAE04EC0-301F-11D3-BF4B-00C04F79EFBC}") = "MidiPlayback", "MidiPlayback.csproj", "{1ABDCDDC-556D-4430-84E1-872662150AB2}"
EndProject
Project("{FAE04EC0-301F-11D3-BF4B-00C04F79EFBC}") = "MidiPlaybackTests", "..\MidiPlaybackTests\MidiPlaybackTests.csproj", "{DE745709-FBD0-4148-A2F3-F054572460BA}"
EndProject
Global
	GlobalSection(SolutionConfigurationPlatforms) = preSolution
		Debug|Any CPU = Debug|Any CPU
		Release|Any CPU = Release|Any CPU
	EndGlobalSection
	GlobalSection(ProjectConfigurationPlatforms) = postSolution
		{1ABDCDDC-556D-4430-84E1-872662150AB2}.Debug|Any CPU.ActiveCfg = Debug|Any CPU
		{1ABDCDDC-556D-4430-84E1-872662150AB2}.Debug|Any CPU.Build.0 = Debug|Any CPU
		{1ABDCDDC-556D-4430-84E1-872662150AB2}.Release|Any CPU.ActiveCfg = Release|Any CPU
		{1ABDCDDC-556D-4430-84E1-872662150AB2}.Release|Any CPU.Build.0 = Release|Any CPU
		{DE745709-FBD0-4148-A2F3-F054572460BA}.Debug|Any CPU.ActiveCfg = Debug|Any CPU
		{DE745709-FBD0-4148-A2F3-F054572460BA}.Debug|Any CPU.Build.0 = Debug|Any CPU
		{DE745709-FBD0-4148-A2F3-F054572460BA}.Release|Any CPU.ActiveCfg = Release|Any CPU
		{DE745709-FBD0-4148-A2F3-F054572460BA}.Release|Any CPU.Build.0 = Release|Any CPU
	EndGlobalSection
	GlobalSection(SolutionProperties) = preSolution
		HideSolutionNode = FALSE
	EndGlobalSection
	GlobalSection(ExtensibilityGlobals) = postSolution
		SolutionGuid = {4AAD0E5F-7A38-4680-BCC7-84B10B44475C}
	EndGlobalSection
EndGlobal
