
Microsoft Visual Studio Solution File, Format Version 12.00
# Visual Studio Version 17
VisualStudioVersion = 17.9.34622.214
MinimumVisualStudioVersion = 10.0.40219.1
Project("{9A19103F-16F7-4668-BE54-9A1E7A4F7556}") = "MidiPlayback", "MidiPlayback.csproj", "{1ABDCDDC-556D-4430-84E1-872662150AB2}"
EndProject
Project("{9A19103F-16F7-4668-BE54-9A1E7A4F7556}") = "MidiPlaybackTests", "..\MidiPlaybackTests\MidiPlaybackTests.csproj", "{DE745709-FBD0-4148-A2F3-F054572460BA}"
EndProject
Project("{9A19103F-16F7-4668-BE54-9A1E7A4F7556}") = "Algorithm", "..\..\algorithm\Algorithm\Algorithm.csproj", "{4CE2A90D-415A-41BD-9F5C-1EF631ED157F}"
EndProject
Global
	GlobalSection(SolutionConfigurationPlatforms) = preSolution
		Debug|Any CPU = Debug|Any CPU
		Release|Any CPU = Release|Any CPU
	EndGlobalSection
	GlobalSection(ProjectConfigurationPlatforms) = postSolution
		{1ABDCDDC-556D-4430-84E1-872662150AB2}.Debug|Any CPU.ActiveCfg = Debug|Any CPU
		{1ABDCDDC-556D-4430-84E1-872662150AB2}.Debug|Any CPU.Build.0 = Debug|Any CPU
		{1ABDCDDC-556D-4430-84E1-872662150AB2}.Release|Any CPU.ActiveCfg = Release|Any CPU
		{1ABDCDDC-556D-4430-84E1-872662150AB2}.Release|Any CPU.Build.0 = Release|Any CPU
		{DE745709-FBD0-4148-A2F3-F054572460BA}.Debug|Any CPU.ActiveCfg = Debug|Any CPU
		{DE745709-FBD0-4148-A2F3-F054572460BA}.Debug|Any CPU.Build.0 = Debug|Any CPU
		{DE745709-FBD0-4148-A2F3-F054572460BA}.Release|Any CPU.ActiveCfg = Release|Any CPU
		{DE745709-FBD0-4148-A2F3-F054572460BA}.Release|Any CPU.Build.0 = Release|Any CPU
		{4CE2A90D-415A-41BD-9F5C-1EF631ED157F}.Debug|Any CPU.ActiveCfg = Debug|Any CPU
		{4CE2A90D-415A-41BD-9F5C-1EF631ED157F}.Debug|Any CPU.Build.0 = Debug|Any CPU
		{4CE2A90D-415A-41BD-9F5C-1EF631ED157F}.Release|Any CPU.ActiveCfg = Release|Any CPU
		{4CE2A90D-415A-41BD-9F5C-1EF631ED157F}.Release|Any CPU.Build.0 = Release|Any CPU
	EndGlobalSection
	GlobalSection(SolutionProperties) = preSolution
		HideSolutionNode = FALSE
	EndGlobalSection
	GlobalSection(ExtensibilityGlobals) = postSolution
		SolutionGuid = {4AAD0E5F-7A38-4680-BCC7-84B10B44475C}
	EndGlobalSection
EndGlobal
